        # Generated by pub. See: http://pub.dartlang.org/doc/glossary.html#lockfile
         {"packages":{"js":{"version":"0.0.16","source":"hosted","description":"js"},"browser":{"version":"0.3.5+1","source":"hosted","description":"browser"},"unittest":{"version":"0.3.5+1","source":"hosted","description":"unittest"},"meta":{"version":"0.3.5+1","source":"hosted","description":"meta"}}}
        